
Microsoft Visual Studio Solution File, Format Version 12.00
# Visual Studio Version 16
VisualStudioVersion = 16.0.30011.22
MinimumVisualStudioVersion = 10.0.40219.1
Project("{9A19103F-16F7-4668-BE54-9A1E7A4F7556}") = "TinyCrm.console", "TinyCrm.console.csproj", "{DDC6CB78-5342-4C50-A856-D3C80B5EC7C3}"
EndProject
Project("{9A19103F-16F7-4668-BE54-9A1E7A4F7556}") = "TinyCrm.Core", "..\TinyCrmCore\TinyCrm.Core.csproj", "{103BEDF5-0785-442E-B817-08EBFF9627B5}"
EndProject
Global
	GlobalSection(SolutionConfigurationPlatforms) = preSolution
		Debug|Any CPU = Debug|Any CPU
		Release|Any CPU = Release|Any CPU
	EndGlobalSection
	GlobalSection(ProjectConfigurationPlatforms) = postSolution
		{DDC6CB78-5342-4C50-A856-D3C80B5EC7C3}.Debug|Any CPU.ActiveCfg = Debug|Any CPU
		{DDC6CB78-5342-4C50-A856-D3C80B5EC7C3}.Debug|Any CPU.Build.0 = Debug|Any CPU
		{DDC6CB78-5342-4C50-A856-D3C80B5EC7C3}.Release|Any CPU.ActiveCfg = Release|Any CPU
		{DDC6CB78-5342-4C50-A856-D3C80B5EC7C3}.Release|Any CPU.Build.0 = Release|Any CPU
		{103BEDF5-0785-442E-B817-08EBFF9627B5}.Debug|Any CPU.ActiveCfg = Debug|Any CPU
		{103BEDF5-0785-442E-B817-08EBFF9627B5}.Debug|Any CPU.Build.0 = Debug|Any CPU
		{103BEDF5-0785-442E-B817-08EBFF9627B5}.Release|Any CPU.ActiveCfg = Release|Any CPU
		{103BEDF5-0785-442E-B817-08EBFF9627B5}.Release|Any CPU.Build.0 = Release|Any CPU
	EndGlobalSection
	GlobalSection(SolutionProperties) = preSolution
		HideSolutionNode = FALSE
	EndGlobalSection
	GlobalSection(ExtensibilityGlobals) = postSolution
		SolutionGuid = {1A53250C-7380-4A1E-B228-03EBBE7534EF}
	EndGlobalSection
EndGlobal
